// !$*UTF8*$!
{
	archiveVersion = 1;
	classes = {
	};
	objectVersion = 46;
	objects = {

/* Begin PBXBuildFile section */
		72C4C40E1C43D41700132590 /* AppDelegate.swift in Sources */ = {isa = PBXBuildFile; fileRef = 72C4C40D1C43D41700132590 /* AppDelegate.swift */; };
		72C4C4101C43D41700132590 /* ViewController.swift in Sources */ = {isa = PBXBuildFile; fileRef = 72C4C40F1C43D41700132590 /* ViewController.swift */; };
		72C4C4131C43D41700132590 /* Main.storyboard in Resources */ = {isa = PBXBuildFile; fileRef = 72C4C4111C43D41700132590 /* Main.storyboard */; };
		72C4C4151C43D41800132590 /* Assets.xcassets in Resources */ = {isa = PBXBuildFile; fileRef = 72C4C4141C43D41800132590 /* Assets.xcassets */; };
		72C4C4181C43D41800132590 /* LaunchScreen.storyboard in Resources */ = {isa = PBXBuildFile; fileRef = 72C4C4161C43D41800132590 /* LaunchScreen.storyboard */; };
		72C4C4231C43D41800132590 /* TourGuideTests.swift in Sources */ = {isa = PBXBuildFile; fileRef = 72C4C4221C43D41800132590 /* TourGuideTests.swift */; };
		72C4C42E1C43D41800132590 /* TourGuideUITests.swift in Sources */ = {isa = PBXBuildFile; fileRef = 72C4C42D1C43D41800132590 /* TourGuideUITests.swift */; };
/* End PBXBuildFile section */

/* Begin PBXContainerItemProxy section */
		72C4C41F1C43D41800132590 /* PBXContainerItemProxy */ = {
			isa = PBXContainerItemProxy;
			containerPortal = 72C4C4021C43D41700132590 /* Project object */;
			proxyType = 1;
			remoteGlobalIDString = 72C4C4091C43D41700132590;
			remoteInfo = TourGuide;
		};
		72C4C42A1C43D41800132590 /* PBXContainerItemProxy */ = {
			isa = PBXContainerItemProxy;
			containerPortal = 72C4C4021C43D41700132590 /* Project object */;
			proxyType = 1;
			remoteGlobalIDString = 72C4C4091C43D41700132590;
			remoteInfo = TourGuide;
		};
/* End PBXContainerItemProxy section */

/* Begin PBXFileReference section */
		72C4C40A1C43D41700132590 /* TourGuide.app */ = {isa = PBXFileReference; explicitFileType = wrapper.application; includeInIndex = 0; path = TourGuide.app; sourceTree = BUILT_PRODUCTS_DIR; };
		72C4C40D1C43D41700132590 /* AppDelegate.swift */ = {isa = PBXFileReference; lastKnownFileType = sourcecode.swift; path = AppDelegate.swift; sourceTree = "<group>"; };
		72C4C40F1C43D41700132590 /* ViewController.swift */ = {isa = PBXFileReference; lastKnownFileType = sourcecode.swift; path = ViewController.swift; sourceTree = "<group>"; };
		72C4C4121C43D41700132590 /* Base */ = {isa = PBXFileReference; lastKnownFileType = file.storyboard; name = Base; path = Base.lproj/Main.storyboard; sourceTree = "<group>"; };
		72C4C4141C43D41800132590 /* Assets.xcassets */ = {isa = PBXFileReference; lastKnownFileType = folder.assetcatalog; path = Assets.xcassets; sourceTree = "<group>"; };
		72C4C4171C43D41800132590 /* Base */ = {isa = PBXFileReference; lastKnownFileType = file.storyboard; name = Base; path = Base.lproj/LaunchScreen.storyboard; sourceTree = "<group>"; };
		72C4C4191C43D41800132590 /* Info.plist */ = {isa = PBXFileReference; lastKnownFileType = text.plist.xml; path = Info.plist; sourceTree = "<group>"; };
		72C4C41E1C43D41800132590 /* TourGuideTests.xctest */ = {isa = PBXFileReference; explicitFileType = wrapper.cfbundle; includeInIndex = 0; path = TourGuideTests.xctest; sourceTree = BUILT_PRODUCTS_DIR; };
		72C4C4221C43D41800132590 /* TourGuideTests.swift */ = {isa = PBXFileReference; lastKnownFileType = sourcecode.swift; path = TourGuideTests.swift; sourceTree = "<group>"; };
		72C4C4241C43D41800132590 /* Info.plist */ = {isa = PBXFileReference; lastKnownFileType = text.plist.xml; path = Info.plist; sourceTree = "<group>"; };
		72C4C4291C43D41800132590 /* TourGuideUITests.xctest */ = {isa = PBXFileReference; explicitFileType = wrapper.cfbundle; includeInIndex = 0; path = TourGuideUITests.xctest; sourceTree = BUILT_PRODUCTS_DIR; };
		72C4C42D1C43D41800132590 /* TourGuideUITests.swift */ = {isa = PBXFileReference; lastKnownFileType = sourcecode.swift; path = TourGuideUITests.swift; sourceTree = "<group>"; };
		72C4C42F1C43D41800132590 /* Info.plist */ = {isa = PBXFileReference; lastKnownFileType = text.plist.xml; path = Info.plist; sourceTree = "<group>"; };
/* End PBXFileReference section */

/* Begin PBXFrameworksBuildPhase section */
		72C4C4071C43D41700132590 /* Frameworks */ = {
			isa = PBXFrameworksBuildPhase;
			buildActionMask = 2147483647;
			files = (
			);
			runOnlyForDeploymentPostprocessing = 0;
		};
		72C4C41B1C43D41800132590 /* Frameworks */ = {
			isa = PBXFrameworksBuildPhase;
			buildActionMask = 2147483647;
			files = (
			);
			runOnlyForDeploymentPostprocessing = 0;
		};
		72C4C4261C43D41800132590 /* Frameworks */ = {
			isa = PBXFrameworksBuildPhase;
			buildActionMask = 2147483647;
			files = (
			);
			runOnlyForDeploymentPostprocessing = 0;
		};
/* End PBXFrameworksBuildPhase section */

/* Begin PBXGroup section */
		72C4C4011C43D41700132590 = {
			isa = PBXGroup;
			children = (
				72C4C40C1C43D41700132590 /* TourGuide */,
				72C4C4211C43D41800132590 /* TourGuideTests */,
				72C4C42C1C43D41800132590 /* TourGuideUITests */,
				72C4C40B1C43D41700132590 /* Products */,
			);
			sourceTree = "<group>";
		};
		72C4C40B1C43D41700132590 /* Products */ = {
			isa = PBXGroup;
			children = (
				72C4C40A1C43D41700132590 /* TourGuide.app */,
				72C4C41E1C43D41800132590 /* TourGuideTests.xctest */,
				72C4C4291C43D41800132590 /* TourGuideUITests.xctest */,
			);
			name = Products;
			sourceTree = "<group>";
		};
		72C4C40C1C43D41700132590 /* TourGuide */ = {
			isa = PBXGroup;
			children = (
				72C4C40D1C43D41700132590 /* AppDelegate.swift */,
				72C4C40F1C43D41700132590 /* ViewController.swift */,
				72C4C4111C43D41700132590 /* Main.storyboard */,
				72C4C4141C43D41800132590 /* Assets.xcassets */,
				72C4C4161C43D41800132590 /* LaunchScreen.storyboard */,
				72C4C4191C43D41800132590 /* Info.plist */,
			);
			path = TourGuide;
			sourceTree = "<group>";
		};
		72C4C4211C43D41800132590 /* TourGuideTests */ = {
			isa = PBXGroup;
			children = (
				72C4C4221C43D41800132590 /* TourGuideTests.swift */,
				72C4C4241C43D41800132590 /* Info.plist */,
			);
			path = TourGuideTests;
			sourceTree = "<group>";
		};
		72C4C42C1C43D41800132590 /* TourGuideUITests */ = {
			isa = PBXGroup;
			children = (
				72C4C42D1C43D41800132590 /* TourGuideUITests.swift */,
				72C4C42F1C43D41800132590 /* Info.plist */,
			);
			path = TourGuideUITests;
			sourceTree = "<group>";
		};
/* End PBXGroup section */

/* Begin PBXNativeTarget section */
		72C4C4091C43D41700132590 /* TourGuide */ = {
			isa = PBXNativeTarget;
			buildConfigurationList = 72C4C4321C43D41800132590 /* Build configuration list for PBXNativeTarget "TourGuide" */;
			buildPhases = (
				72C4C4061C43D41700132590 /* Sources */,
				72C4C4071C43D41700132590 /* Frameworks */,
				72C4C4081C43D41700132590 /* Resources */,
			);
			buildRules = (
			);
			dependencies = (
			);
			name = TourGuide;
			productName = TourGuide;
			productReference = 72C4C40A1C43D41700132590 /* TourGuide.app */;
			productType = "com.apple.product-type.application";
		};
		72C4C41D1C43D41800132590 /* TourGuideTests */ = {
			isa = PBXNativeTarget;
			buildConfigurationList = 72C4C4351C43D41800132590 /* Build configuration list for PBXNativeTarget "TourGuideTests" */;
			buildPhases = (
				72C4C41A1C43D41800132590 /* Sources */,
				72C4C41B1C43D41800132590 /* Frameworks */,
				72C4C41C1C43D41800132590 /* Resources */,
			);
			buildRules = (
			);
			dependencies = (
				72C4C4201C43D41800132590 /* PBXTargetDependency */,
			);
			name = TourGuideTests;
			productName = TourGuideTests;
			productReference = 72C4C41E1C43D41800132590 /* TourGuideTests.xctest */;
			productType = "com.apple.product-type.bundle.unit-test";
		};
		72C4C4281C43D41800132590 /* TourGuideUITests */ = {
			isa = PBXNativeTarget;
			buildConfigurationList = 72C4C4381C43D41800132590 /* Build configuration list for PBXNativeTarget "TourGuideUITests" */;
			buildPhases = (
				72C4C4251C43D41800132590 /* Sources */,
				72C4C4261C43D41800132590 /* Frameworks */,
				72C4C4271C43D41800132590 /* Resources */,
			);
			buildRules = (
			);
			dependencies = (
				72C4C42B1C43D41800132590 /* PBXTargetDependency */,
			);
			name = TourGuideUITests;
			productName = TourGuideUITests;
			productReference = 72C4C4291C43D41800132590 /* TourGuideUITests.xctest */;
			productType = "com.apple.product-type.bundle.ui-testing";
		};
/* End PBXNativeTarget section */

/* Begin PBXProject section */
		72C4C4021C43D41700132590 /* Project object */ = {
			isa = PBXProject;
			attributes = {
				LastSwiftUpdateCheck = 0720;
				LastUpgradeCheck = 0720;
				ORGANIZATIONNAME = "Ewoud Hermans";
				TargetAttributes = {
					72C4C4091C43D41700132590 = {
						CreatedOnToolsVersion = 7.2;
						DevelopmentTeam = 85ANXME76Y;
					};
					72C4C41D1C43D41800132590 = {
						CreatedOnToolsVersion = 7.2;
						DevelopmentTeam = 85ANXME76Y;
						TestTargetID = 72C4C4091C43D41700132590;
					};
					72C4C4281C43D41800132590 = {
						CreatedOnToolsVersion = 7.2;
						DevelopmentTeam = 85ANXME76Y;
						TestTargetID = 72C4C4091C43D41700132590;
					};
				};
			};
			buildConfigurationList = 72C4C4051C43D41700132590 /* Build configuration list for PBXProject "TourGuide" */;
			compatibilityVersion = "Xcode 3.2";
			developmentRegion = English;
			hasScannedForEncodings = 0;
			knownRegions = (
				en,
				Base,
			);
			mainGroup = 72C4C4011C43D41700132590;
			productRefGroup = 72C4C40B1C43D41700132590 /* Products */;
			projectDirPath = "";
			projectRoot = "";
			targets = (
				72C4C4091C43D41700132590 /* TourGuide */,
				72C4C41D1C43D41800132590 /* TourGuideTests */,
				72C4C4281C43D41800132590 /* TourGuideUITests */,
			);
		};
/* End PBXProject section */

/* Begin PBXResourcesBuildPhase section */
		72C4C4081C43D41700132590 /* Resources */ = {
			isa = PBXResourcesBuildPhase;
			buildActionMask = 2147483647;
			files = (
				72C4C4181C43D41800132590 /* LaunchScreen.storyboard in Resources */,
				72C4C4151C43D41800132590 /* Assets.xcassets in Resources */,
				72C4C4131C43D41700132590 /* Main.storyboard in Resources */,
			);
			runOnlyForDeploymentPostprocessing = 0;
		};
		72C4C41C1C43D41800132590 /* Resources */ = {
			isa = PBXResourcesBuildPhase;
			buildActionMask = 2147483647;
			files = (
			);
			runOnlyForDeploymentPostprocessing = 0;
		};
		72C4C4271C43D41800132590 /* Resources */ = {
			isa = PBXResourcesBuildPhase;
			buildActionMask = 2147483647;
			files = (
			);
			runOnlyForDeploymentPostprocessing = 0;
		};
/* End PBXResourcesBuildPhase section */

/* Begin PBXSourcesBuildPhase section */
		72C4C4061C43D41700132590 /* Sources */ = {
			isa = PBXSourcesBuildPhase;
			buildActionMask = 2147483647;
			files = (
				72C4C4101C43D41700132590 /* ViewController.swift in Sources */,
				72C4C40E1C43D41700132590 /* AppDelegate.swift in Sources */,
			);
			runOnlyForDeploymentPostprocessing = 0;
		};
		72C4C41A1C43D41800132590 /* Sources */ = {
			isa = PBXSourcesBuildPhase;
			buildActionMask = 2147483647;
			files = (
				72C4C4231C43D41800132590 /* TourGuideTests.swift in Sources */,
			);
			runOnlyForDeploymentPostprocessing = 0;
		};
		72C4C4251C43D41800132590 /* Sources */ = {
			isa = PBXSourcesBuildPhase;
			buildActionMask = 2147483647;
			files = (
				72C4C42E1C43D41800132590 /* TourGuideUITests.swift in Sources */,
			);
			runOnlyForDeploymentPostprocessing = 0;
		};
/* End PBXSourcesBuildPhase section */

/* Begin PBXTargetDependency section */
		72C4C4201C43D41800132590 /* PBXTargetDependency */ = {
			isa = PBXTargetDependency;
			target = 72C4C4091C43D41700132590 /* TourGuide */;
			targetProxy = 72C4C41F1C43D41800132590 /* PBXContainerItemProxy */;
		};
		72C4C42B1C43D41800132590 /* PBXTargetDependency */ = {
			isa = PBXTargetDependency;
			target = 72C4C4091C43D41700132590 /* TourGuide */;
			targetProxy = 72C4C42A1C43D41800132590 /* PBXContainerItemProxy */;
		};
/* End PBXTargetDependency section */

/* Begin PBXVariantGroup section */
		72C4C4111C43D41700132590 /* Main.storyboard */ = {
			isa = PBXVariantGroup;
			children = (
				72C4C4121C43D41700132590 /* Base */,
			);
			name = Main.storyboard;
			sourceTree = "<group>";
		};
		72C4C4161C43D41800132590 /* LaunchScreen.storyboard */ = {
			isa = PBXVariantGroup;
			children = (
				72C4C4171C43D41800132590 /* Base */,
			);
			name = LaunchScreen.storyboard;
			sourceTree = "<group>";
		};
/* End PBXVariantGroup section */

/* Begin XCBuildConfiguration section */
		72C4C4301C43D41800132590 /* Debug */ = {
			isa = XCBuildConfiguration;
			buildSettings = {
				ALWAYS_SEARCH_USER_PATHS = NO;
				CLANG_CXX_LANGUAGE_STANDARD = "gnu++0x";
				CLANG_CXX_LIBRARY = "libc++";
				CLANG_ENABLE_MODULES = YES;
				CLANG_ENABLE_OBJC_ARC = YES;
				CLANG_WARN_BOOL_CONVERSION = YES;
				CLANG_WARN_CONSTANT_CONVERSION = YES;
				CLANG_WARN_DIRECT_OBJC_ISA_USAGE = YES_ERROR;
				CLANG_WARN_EMPTY_BODY = YES;
				CLANG_WARN_ENUM_CONVERSION = YES;
				CLANG_WARN_INT_CONVERSION = YES;
				CLANG_WARN_OBJC_ROOT_CLASS = YES_ERROR;
				CLANG_WARN_UNREACHABLE_CODE = YES;
				CLANG_WARN__DUPLICATE_METHOD_MATCH = YES;
				"CODE_SIGN_IDENTITY[sdk=iphoneos*]" = "iPhone Developer";
				COPY_PHASE_STRIP = NO;
				DEBUG_INFORMATION_FORMAT = dwarf;
				ENABLE_STRICT_OBJC_MSGSEND = YES;
				ENABLE_TESTABILITY = YES;
				GCC_C_LANGUAGE_STANDARD = gnu99;
				GCC_DYNAMIC_NO_PIC = NO;
				GCC_NO_COMMON_BLOCKS = YES;
				GCC_OPTIMIZATION_LEVEL = 0;
				GCC_PREPROCESSOR_DEFINITIONS = (
					"DEBUG=1",
					"$(inherited)",
				);
				GCC_WARN_64_TO_32_BIT_CONVERSION = YES;
				GCC_WARN_ABOUT_RETURN_TYPE = YES_ERROR;
				GCC_WARN_UNDECLARED_SELECTOR = YES;
				GCC_WARN_UNINITIALIZED_AUTOS = YES_AGGRESSIVE;
				GCC_WARN_UNUSED_FUNCTION = YES;
				GCC_WARN_UNUSED_VARIABLE = YES;
				IPHONEOS_DEPLOYMENT_TARGET = 9.2;
				MTL_ENABLE_DEBUG_INFO = YES;
				ONLY_ACTIVE_ARCH = YES;
				SDKROOT = iphoneos;
				SWIFT_OPTIMIZATION_LEVEL = "-Onone";
				TARGETED_DEVICE_FAMILY = "1,2";
			};
			name = Debug;
		};
		72C4C4311C43D41800132590 /* Release */ = {
			isa = XCBuildConfiguration;
			buildSettings = {
				ALWAYS_SEARCH_USER_PATHS = NO;
				CLANG_CXX_LANGUAGE_STANDARD = "gnu++0x";
				CLANG_CXX_LIBRARY = "libc++";
				CLANG_ENABLE_MODULES = YES;
				CLANG_ENABLE_OBJC_ARC = YES;
				CLANG_WARN_BOOL_CONVERSION = YES;
				CLANG_WARN_CONSTANT_CONVERSION = YES;
				CLANG_WARN_DIRECT_OBJC_ISA_USAGE = YES_ERROR;
				CLANG_WARN_EMPTY_BODY = YES;
				CLANG_WARN_ENUM_CONVERSION = YES;
				CLANG_WARN_INT_CONVERSION = YES;
				CLANG_WARN_OBJC_ROOT_CLASS = YES_ERROR;
				CLANG_WARN_UNREACHABLE_CODE = YES;
				CLANG_WARN__DUPLICATE_METHOD_MATCH = YES;
				"CODE_SIGN_IDENTITY[sdk=iphoneos*]" = "iPhone Developer";
				COPY_PHASE_STRIP = NO;
				DEBUG_INFORMATION_FORMAT = "dwarf-with-dsym";
				ENABLE_NS_ASSERTIONS = NO;
				ENABLE_STRICT_OBJC_MSGSEND = YES;
				GCC_C_LANGUAGE_STANDARD = gnu99;
				GCC_NO_COMMON_BLOCKS = YES;
				GCC_WARN_64_TO_32_BIT_CONVERSION = YES;
				GCC_WARN_ABOUT_RETURN_TYPE = YES_ERROR;
				GCC_WARN_UNDECLARED_SELECTOR = YES;
				GCC_WARN_UNINITIALIZED_AUTOS = YES_AGGRESSIVE;
				GCC_WARN_UNUSED_FUNCTION = YES;
				GCC_WARN_UNUSED_VARIABLE = YES;
				IPHONEOS_DEPLOYMENT_TARGET = 9.2;
				MTL_ENABLE_DEBUG_INFO = NO;
				SDKROOT = iphoneos;
				TARGETED_DEVICE_FAMILY = "1,2";
				VALIDATE_PRODUCT = YES;
			};
			name = Release;
		};
		72C4C4331C43D41800132590 /* Debug */ = {
			isa = XCBuildConfiguration;
			buildSettings = {
				ASSETCATALOG_COMPILER_APPICON_NAME = AppIcon;
				INFOPLIST_FILE = TourGuide/Info.plist;
				LD_RUNPATH_SEARCH_PATHS = "$(inherited) @executable_path/Frameworks";
				PRODUCT_BUNDLE_IDENTIFIER = com.ewoudhermans.TourGuide;
				PRODUCT_NAME = "$(TARGET_NAME)";
			};
			name = Debug;
		};
		72C4C4341C43D41800132590 /* Release */ = {
			isa = XCBuildConfiguration;
			buildSettings = {
				ASSETCATALOG_COMPILER_APPICON_NAME = AppIcon;
				INFOPLIST_FILE = TourGuide/Info.plist;
				LD_RUNPATH_SEARCH_PATHS = "$(inherited) @executable_path/Frameworks";
				PRODUCT_BUNDLE_IDENTIFIER = com.ewoudhermans.TourGuide;
				PRODUCT_NAME = "$(TARGET_NAME)";
			};
			name = Release;
		};
		72C4C4361C43D41800132590 /* Debug */ = {
			isa = XCBuildConfiguration;
			buildSettings = {
				BUNDLE_LOADER = "$(TEST_HOST)";
				INFOPLIST_FILE = TourGuideTests/Info.plist;
				LD_RUNPATH_SEARCH_PATHS = "$(inherited) @executable_path/Frameworks @loader_path/Frameworks";
				PRODUCT_BUNDLE_IDENTIFIER = com.ewoudhermans.TourGuideTests;
				PRODUCT_NAME = "$(TARGET_NAME)";
				TEST_HOST = "$(BUILT_PRODUCTS_DIR)/TourGuide.app/TourGuide";
			};
			name = Debug;
		};
		72C4C4371C43D41800132590 /* Release */ = {
			isa = XCBuildConfiguration;
			buildSettings = {
				BUNDLE_LOADER = "$(TEST_HOST)";
				INFOPLIST_FILE = TourGuideTests/Info.plist;
				LD_RUNPATH_SEARCH_PATHS = "$(inherited) @executable_path/Frameworks @loader_path/Frameworks";
				PRODUCT_BUNDLE_IDENTIFIER = com.ewoudhermans.TourGuideTests;
				PRODUCT_NAME = "$(TARGET_NAME)";
				TEST_HOST = "$(BUILT_PRODUCTS_DIR)/TourGuide.app/TourGuide";
			};
			name = Release;
		};
		72C4C4391C43D41800132590 /* Debug */ = {
			isa = XCBuildConfiguration;
			buildSettings = {
				INFOPLIST_FILE = TourGuideUITests/Info.plist;
				LD_RUNPATH_SEARCH_PATHS = "$(inherited) @executable_path/Frameworks @loader_path/Frameworks";
				PRODUCT_BUNDLE_IDENTIFIER = com.ewoudhermans.TourGuideUITests;
				PRODUCT_NAME = "$(TARGET_NAME)";
				TEST_TARGET_NAME = TourGuide;
				USES_XCTRUNNER = YES;
			};
			name = Debug;
		};
		72C4C43A1C43D41800132590 /* Release */ = {
			isa = XCBuildConfiguration;
			buildSettings = {
				INFOPLIST_FILE = TourGuideUITests/Info.plist;
				LD_RUNPATH_SEARCH_PATHS = "$(inherited) @executable_path/Frameworks @loader_path/Frameworks";
				PRODUCT_BUNDLE_IDENTIFIER = com.ewoudhermans.TourGuideUITests;
				PRODUCT_NAME = "$(TARGET_NAME)";
				TEST_TARGET_NAME = TourGuide;
				USES_XCTRUNNER = YES;
			};
			name = Release;
		};
/* End XCBuildConfiguration section */

/* Begin XCConfigurationList section */
		72C4C4051C43D41700132590 /* Build configuration list for PBXProject "TourGuide" */ = {
			isa = XCConfigurationList;
			buildConfigurations = (
				72C4C4301C43D41800132590 /* Debug */,
				72C4C4311C43D41800132590 /* Release */,
			);
			defaultConfigurationIsVisible = 0;
			defaultConfigurationName = Release;
		};
		72C4C4321C43D41800132590 /* Build configuration list for PBXNativeTarget "TourGuide" */ = {
			isa = XCConfigurationList;
			buildConfigurations = (
				72C4C4331C43D41800132590 /* Debug */,
				72C4C4341C43D41800132590 /* Release */,
			);
			defaultConfigurationIsVisible = 0;
		};
		72C4C4351C43D41800132590 /* Build configuration list for PBXNativeTarget "TourGuideTests" */ = {
			isa = XCConfigurationList;
			buildConfigurations = (
				72C4C4361C43D41800132590 /* Debug */,
				72C4C4371C43D41800132590 /* Release */,
			);
			defaultConfigurationIsVisible = 0;
		};
		72C4C4381C43D41800132590 /* Build configuration list for PBXNativeTarget "TourGuideUITests" */ = {
			isa = XCConfigurationList;
			buildConfigurations = (
				72C4C4391C43D41800132590 /* Debug */,
				72C4C43A1C43D41800132590 /* Release */,
			);
			defaultConfigurationIsVisible = 0;
		};
/* End XCConfigurationList section */
	};
	rootObject = 72C4C4021C43D41700132590 /* Project object */;
}
